<?xml version="1.0" encoding="utf-8"?>
<Project ToolsVersion="4.0" xmlns="http://schemas.microsoft.com/developer/msbuild/2003">
  <ItemGroup>
    <Filter Include="Source Files">
      <UniqueIdentifier>{4FC737F1-C7A5-4376-A066-2A32D752A2FF}</UniqueIdentifier>
      <Extensions>cpp;c;cc;cxx;def;odl;idl;hpj;bat;asm;asmx</Extensions>
    </Filter>
    <Filter Include="Header Files">
      <UniqueIdentifier>{93995380-89BD-4b04-88EB-625FBE52EBFB}</UniqueIdentifier>
      <Extensions>h;hh;hpp;hxx;hm;inl;inc;xsd</Extensions>
    </Filter>
    <Filter Include="Resource Files">
      <UniqueIdentifier>{67DA6AB6-F800-4c08-8B7A-83BB121AAD01}</UniqueIdentifier>
      <Extensions>rc;ico;cur;bmp;dlg;rc2;rct;bin;rgs;gif;jpg;jpeg;jpe;resx;tiff;tif;png;wav</Extensions>
    </Filter>
  </ItemGroup>
  <ItemGroup>
    <ClCompile Include="..\fl2_common.c">
      <Filter>Source Files</Filter>
    </ClCompile>
    <ClCompile Include="..\fl2_compress.c">
      <Filter>Source Files</Filter>
    </ClCompile>
    <ClCompile Include="..\fl2_decompress.c">
      <Filter>Source Files</Filter>
    </ClCompile>
    <ClCompile Include="..\lzma2_dec.c">
      <Filter>Source Files</Filter>
    </ClCompile>
    <ClCompile Include="..\lzma2_enc.c">
      <Filter>Source Files</Filter>
    </ClCompile>
    <ClCompile Include="..\radix_bitpack.c">
      <Filter>Source Files</Filter>
    </ClCompile>
    <ClCompile Include="..\radix_mf.c">
      <Filter>Source Files</Filter>
    </ClCompile>
    <ClCompile Include="..\radix_struct.c">
      <Filter>Source Files</Filter>
    </ClCompile>
    <ClCompile Include="..\range_enc.c">
      <Filter>Source Files</Filter>
    </ClCompile>
    <ClCompile Include="..\xxhash.c">
      <Filter>Source Files</Filter>
    </ClCompile>
    <ClCompile Include="..\util.c">
      <Filter>Source Files</Filter>
    </ClCompile>
    <ClCompile Include="..\fl2_pool.c">
      <Filter>Source Files</Filter>
    </ClCompile>
    <ClCompile Include="..\fl2_threading.c">
      <Filter>Source Files</Filter>
    </ClCompile>
    <ClCompile Include="..\dict_buffer.c">
      <Filter>Source Files</Filter>
    </ClCompile>
  </ItemGroup>
  <ItemGroup>
    <ClInclude Include="..\atomic.h">
      <Filter>Header Files</Filter>
    </ClInclude>
    <ClInclude Include="..\compiler.h">
      <Filter>Header Files</Filter>
    </ClInclude>
    <ClInclude Include="..\count.h">
      <Filter>Header Files</Filter>
    </ClInclude>
    <ClInclude Include="..\data_block.h">
      <Filter>Header Files</Filter>
    </ClInclude>
    <ClInclude Include="..\fast-lzma2.h">
      <Filter>Header Files</Filter>
    </ClInclude>
    <ClInclude Include="..\fastpos_table.h">
      <Filter>Header Files</Filter>
    </ClInclude>
    <ClInclude Include="..\fl2_compress_internal.h">
      <Filter>Header Files</Filter>
    </ClInclude>
    <ClInclude Include="..\fl2_errors.h">
      <Filter>Header Files</Filter>
    </ClInclude>
    <ClInclude Include="..\fl2_internal.h">
      <Filter>Header Files</Filter>
    </ClInclude>
    <ClInclude Include="..\lzma2_dec.h">
      <Filter>Header Files</Filter>
    </ClInclude>
    <ClInclude Include="..\lzma2_enc.h">
      <Filter>Header Files</Filter>
    </ClInclude>
    <ClInclude Include="..\mem.h">
      <Filter>Header Files</Filter>
    </ClInclude>
    <ClInclude Include="..\platform.h">
      <Filter>Header Files</Filter>
    </ClInclude>
    <ClInclude Include="..\radix_engine.h">
      <Filter>Header Files</Filter>
    </ClInclude>
    <ClInclude Include="..\radix_internal.h">
      <Filter>Header Files</Filter>
    </ClInclude>
    <ClInclude Include="..\radix_mf.h">
      <Filter>Header Files</Filter>
    </ClInclude>
    <ClInclude Include="..\range_enc.h">
      <Filter>Header Files</Filter>
    </ClInclude>
    <ClInclude Include="..\util.h">
      <Filter>Header Files</Filter>
    </ClInclude>
    <ClInclude Include="..\xxhash.h">
      <Filter>Header Files</Filter>
    </ClInclude>
    <ClInclude Include="..\fl2_threading.h">
      <Filter>Header Files</Filter>
    </ClInclude>
    <ClInclude Include="..\fl2_pool.h">
      <Filter>Header Files</Filter>
    </ClInclude>
    <ClInclude Include="..\dict_buffer.h">
      <Filter>Header Files</Filter>
    </ClInclude>
    <ClInclude Include="..\radix_get.h">
      <Filter>Header Files</Filter>
    </ClInclude>
  </ItemGroup>
  <ItemGroup>
    <MASM Include="..\lzma_dec_x86_64.asm">
      <Filter>Source Files</Filter>
    </MASM>
  </ItemGroup>
</Project>